
Microsoft Visual Studio Solution File, Format Version 12.00
# Visual Studio Version 17
VisualStudioVersion = 17.13.35919.96
MinimumVisualStudioVersion = 10.0.40219.1
Project("{FAE04EC0-301F-11D3-BF4B-00C04F79EFBC}") = "Schedule1-SaveSync", "Schedule1-SaveSync\Schedule1-SaveSync.csproj", "{0897A255-FBF6-42A9-8C50-FB32897224F6}"
EndProject
Global
	GlobalSection(SolutionConfigurationPlatforms) = preSolution
		Debug|Any CPU = Debug|Any CPU
		Release|Any CPU = Release|Any CPU
	EndGlobalSection
	GlobalSection(ProjectConfigurationPlatforms) = postSolution
		{0897A255-FBF6-42A9-8C50-FB32897224F6}.Debug|Any CPU.ActiveCfg = Debug|Any CPU
		{0897A255-FBF6-42A9-8C50-FB32897224F6}.Debug|Any CPU.Build.0 = Debug|Any CPU
		{0897A255-FBF6-42A9-8C50-FB32897224F6}.Release|Any CPU.ActiveCfg = Release|Any CPU
		{0897A255-FBF6-42A9-8C50-FB32897224F6}.Release|Any CPU.Build.0 = Release|Any CPU
	EndGlobalSection
	GlobalSection(SolutionProperties) = preSolution
		HideSolutionNode = FALSE
	EndGlobalSection
	GlobalSection(ExtensibilityGlobals) = postSolution
		SolutionGuid = {D792D14A-45F7-4C0E-A6CD-F836D87402C7}
	EndGlobalSection
EndGlobal
